{
  "name": "webdev_project",
  "version": "1.0.0",
  "lockfileVersion": 3,
  "requires": true,
  "packages": {
    "": {
      "name": "webdev_project",
      "version": "1.0.0",
      "license": "ISC",
      "dependencies": {
        "css.gg": "^2.1.1",
        "flowbite": "^2.3.0",
        "uikit": "^3.19.2"
      }
    },
    "node_modules/@popperjs/core": {
      "version": "2.11.8",
      "resolved": "https://registry.npmjs.org/@popperjs/core/-/core-2.11.8.tgz",
      "integrity": "sha512-P1st0aksCrn9sGZhp8GMYwBnQsbvAWsZAX44oXNNvLHGqAOcoVxmjZiohstwQ7SqKnbR47akdNi+uleWD8+g6A==",
      "funding": {
        "type": "opencollective",
        "url": "https://opencollective.com/popperjs"
      }
    },
    "node_modules/css.gg": {
      "version": "2.1.1",
      "resolved": "https://registry.npmjs.org/css.gg/-/css.gg-2.1.1.tgz",
      "integrity": "sha512-OJrjd4+CdjrLvrVB+EFctAnk7eeM+zc8aKfVlO5BfNBgSqcC9wMHQTZ7ALcCiZGpE62kVVhwQ3Mvl1u6RkVFvQ=="
    },
    "node_modules/flowbite": {
      "version": "2.3.0",
      "resolved": "https://registry.npmjs.org/flowbite/-/flowbite-2.3.0.tgz",
      "integrity": "sha512-pm3JRo8OIJHGfFYWgaGpPv8E+UdWy0Z3gEAGufw+G/1dusaU/P1zoBLiQpf2/+bYAi+GBQtPVG86KYlV0W+AFQ==",
      "dependencies": {
        "@popperjs/core": "^2.9.3",
        "mini-svg-data-uri": "^1.4.3"
      }
    },
    "node_modules/mini-svg-data-uri": {
      "version": "1.4.4",
      "resolved": "https://registry.npmjs.org/mini-svg-data-uri/-/mini-svg-data-uri-1.4.4.tgz",
      "integrity": "sha512-r9deDe9p5FJUPZAk3A59wGH7Ii9YrjjWw0jmw/liSbHl2CHiyXj6FcDXDu2K3TjVAXqiJdaw3xxwlZZr9E6nHg==",
      "bin": {
        "mini-svg-data-uri": "cli.js"
      }
    },
    "node_modules/uikit": {
      "version": "3.19.2",
      "resolved": "https://registry.npmjs.org/uikit/-/uikit-3.19.2.tgz",
      "integrity": "sha512-4Ls0yyBqk/vjgH3qvlPSljFYwh1VxfoeaA4mfGjedVCFqCkd7rucOg383/HsfXHxIc3Ezx3syiPaqxaiIFxcSw=="
    }
  }
}
